
Microsoft Visual Studio Solution File, Format Version 12.00
# Visual Studio Version 16
VisualStudioVersion = 16.0.28803.202
MinimumVisualStudioVersion = 10.0.40219.1
Project("{FAE04EC0-301F-11D3-BF4B-00C04F79EFBC}") = "MicroControl", "MicroControl\MicroControl.csproj", "{48EC41BD-0C38-44C0-A486-FDA9251C60EB}"
EndProject
Project("{FAE04EC0-301F-11D3-BF4B-00C04F79EFBC}") = "MicroControlAdmin", "MicroControlAdmin\MicroControlAdmin.csproj", "{1B4F5295-07F8-4A48-889A-71418125BB81}"
EndProject
Project("{FAE04EC0-301F-11D3-BF4B-00C04F79EFBC}") = "MCL", "MCL\MCL.csproj", "{331ADD32-F23B-4EE4-ABE8-3A8036DA1163}"
EndProject
Global
	GlobalSection(SolutionConfigurationPlatforms) = preSolution
		Debug|Any CPU = Debug|Any CPU
		Release|Any CPU = Release|Any CPU
	EndGlobalSection
	GlobalSection(ProjectConfigurationPlatforms) = postSolution
		{48EC41BD-0C38-44C0-A486-FDA9251C60EB}.Debug|Any CPU.ActiveCfg = Debug|Any CPU
		{48EC41BD-0C38-44C0-A486-FDA9251C60EB}.Debug|Any CPU.Build.0 = Debug|Any CPU
		{48EC41BD-0C38-44C0-A486-FDA9251C60EB}.Release|Any CPU.ActiveCfg = Release|Any CPU
		{48EC41BD-0C38-44C0-A486-FDA9251C60EB}.Release|Any CPU.Build.0 = Release|Any CPU
		{1B4F5295-07F8-4A48-889A-71418125BB81}.Debug|Any CPU.ActiveCfg = Debug|Any CPU
		{1B4F5295-07F8-4A48-889A-71418125BB81}.Debug|Any CPU.Build.0 = Debug|Any CPU
		{1B4F5295-07F8-4A48-889A-71418125BB81}.Release|Any CPU.ActiveCfg = Release|Any CPU
		{1B4F5295-07F8-4A48-889A-71418125BB81}.Release|Any CPU.Build.0 = Release|Any CPU
		{331ADD32-F23B-4EE4-ABE8-3A8036DA1163}.Debug|Any CPU.ActiveCfg = Debug|Any CPU
		{331ADD32-F23B-4EE4-ABE8-3A8036DA1163}.Debug|Any CPU.Build.0 = Debug|Any CPU
		{331ADD32-F23B-4EE4-ABE8-3A8036DA1163}.Release|Any CPU.ActiveCfg = Release|Any CPU
		{331ADD32-F23B-4EE4-ABE8-3A8036DA1163}.Release|Any CPU.Build.0 = Release|Any CPU
	EndGlobalSection
	GlobalSection(SolutionProperties) = preSolution
		HideSolutionNode = FALSE
	EndGlobalSection
	GlobalSection(ExtensibilityGlobals) = postSolution
		SolutionGuid = {33B58C4A-EA27-4899-AC4E-7C6EE36B9AE1}
	EndGlobalSection
EndGlobal
